
Microsoft Visual Studio Solution File, Format Version 12.00
Project("{FAE04EC0-301F-11D3-BF4B-00C04F79EFBC}") = "GraphqlPolymorphismExample", "GraphqlPolymorphismExample\GraphqlPolymorphismExample.csproj", "{AAC59D0A-21FF-4743-9A03-F6EF5BC7430E}"
EndProject
Global
	GlobalSection(SolutionConfigurationPlatforms) = preSolution
		Debug|Any CPU = Debug|Any CPU
		Release|Any CPU = Release|Any CPU
	EndGlobalSection
	GlobalSection(ProjectConfigurationPlatforms) = postSolution
		{AAC59D0A-21FF-4743-9A03-F6EF5BC7430E}.Debug|Any CPU.ActiveCfg = Debug|Any CPU
		{AAC59D0A-21FF-4743-9A03-F6EF5BC7430E}.Debug|Any CPU.Build.0 = Debug|Any CPU
		{AAC59D0A-21FF-4743-9A03-F6EF5BC7430E}.Release|Any CPU.ActiveCfg = Release|Any CPU
		{AAC59D0A-21FF-4743-9A03-F6EF5BC7430E}.Release|Any CPU.Build.0 = Release|Any CPU
	EndGlobalSection
EndGlobal
